{
  "name": "@muretai/agent-site-checker",
  "version": "0.1.0",
  "lockfileVersion": 3,
  "requires": true,
  "packages": {
    "": {
      "name": "@muretai/agent-site-checker",
      "version": "0.1.0",
      "license": "MIT",
      "dependencies": {
        "@muretai/agent-entry": "1.7.1"
      },
      "bin": {
        "agent-site-checker": "bin/agent-site-checker.mjs"
      },
      "engines": {
        "node": ">=20"
      }
    },
    "node_modules/@muretai/agent-entry": {
      "version": "1.7.1",
      "resolved": "https://registry.npmjs.org/@muretai/agent-entry/-/agent-entry-1.7.1.tgz",
      "integrity": "sha512-OO547OVfZGWkKxUN9OyKydBycHoukQx+kvlnluGrXOhQ9qFIJxHoP7rzK2/zy35NSHXV4kcuqFHLpMoxznFfEg==",
      "license": "MIT",
      "engines": {
        "node": ">=20"
      }
    }
  }
}
